<?xml version="1.0"?>
<CONFIG>
  <ProjectOptions>
    <PathDelim Value="\"/>
    <Version Value="5"/>
    <General>
      <SessionStorage Value="None"/>
      <MainUnit Value="0"/>
      <IconPath Value="./"/>
      <TargetFileExt Value=".exe"/>
      <Title Value="mp3TYRE - MP3 TYpe REnamer"/>
    </General>
    <PublishOptions>
      <Version Value="2"/>
      <IgnoreBinaries Value="False"/>
      <IncludeFileFilter Value="*.(pas|pp|inc|lfm|lpr|lrs|lpi|lpk|sh|xml)"/>
      <ExcludeFileFilter Value="*.(bak|ppu|ppw|o|so);*~;backup"/>
    </PublishOptions>
    <RunParams>
      <local>
        <FormatVersion Value="1"/>
        <LaunchingApplication PathPlusParams="/usr/X11R6/bin/xterm -T 'Lazarus Run Output' -e $(LazarusDir)/tools/runwait.sh $(TargetCmdLine)"/>
      </local>
    </RunParams>
    <Units Count="4">
      <Unit0>
        <Filename Value="mp3TYRE.lpr"/>
        <IsPartOfProject Value="True"/>
      </Unit0>
      <Unit1>
        <Filename Value="FileUtils.pas"/>
        <IsPartOfProject Value="True"/>
        <UnitName Value="FileUtils"/>
      </Unit1>
      <Unit2>
        <Filename Value="MP3Struct.pas"/>
        <IsPartOfProject Value="True"/>
        <UnitName Value="MP3Struct"/>
      </Unit2>
      <Unit3>
        <Filename Value="WinampPlugin.pas"/>
        <IsPartOfProject Value="True"/>
        <UnitName Value="WinampPlugin"/>
      </Unit3>
    </Units>
  </ProjectOptions>
  <CompilerOptions>
    <Version Value="5"/>
    <PathDelim Value="\"/>
    <Parsing>
      <SyntaxOptions>
        <CStyleOperator Value="False"/>
        <DelphiCompat Value="True"/>
      </SyntaxOptions>
    </Parsing>
    <CodeGeneration>
      <SmartLinkUnit Value="True"/>
      <Generate Value="Faster"/>
      <TargetProcessor Value="3"/>
      <Optimizations>
        <VariablesInRegisters Value="True"/>
        <OptimizationLevel Value="2"/>
      </Optimizations>
    </CodeGeneration>
    <Linking>
      <Debugging>
        <UseLineInfoUnit Value="False"/>
        <StripSymbols Value="True"/>
      </Debugging>
      <LinkSmart Value="True"/>
    </Linking>
    <Other>
      <WriteFPCLogo Value="False"/>
      <CompilerPath Value="$(CompPath)"/>
    </Other>
  </CompilerOptions>
</CONFIG>
